
Microsoft Visual Studio Solution File, Format Version 12.00
# Visual Studio Version 17
VisualStudioVersion = 17.14.36221.1 d17.14
MinimumVisualStudioVersion = 10.0.40219.1
Project("{FAE04EC0-301F-11D3-BF4B-00C04F79EFBC}") = "AsistenciaApi", "AsistenciaApi\AsistenciaApi.csproj", "{21D23093-C969-4DF0-9B74-6330641829A2}"
EndProject
Global
	GlobalSection(SolutionConfigurationPlatforms) = preSolution
		Debug|Any CPU = Debug|Any CPU
		Release|Any CPU = Release|Any CPU
	EndGlobalSection
	GlobalSection(ProjectConfigurationPlatforms) = postSolution
		{21D23093-C969-4DF0-9B74-6330641829A2}.Debug|Any CPU.ActiveCfg = Debug|Any CPU
		{21D23093-C969-4DF0-9B74-6330641829A2}.Debug|Any CPU.Build.0 = Debug|Any CPU
		{21D23093-C969-4DF0-9B74-6330641829A2}.Release|Any CPU.ActiveCfg = Release|Any CPU
		{21D23093-C969-4DF0-9B74-6330641829A2}.Release|Any CPU.Build.0 = Release|Any CPU
	EndGlobalSection
	GlobalSection(SolutionProperties) = preSolution
		HideSolutionNode = FALSE
	EndGlobalSection
	GlobalSection(ExtensibilityGlobals) = postSolution
		SolutionGuid = {EB44D6E6-2687-4BE3-B739-B503CFE023C1}
	EndGlobalSection
EndGlobal
